PODS:
  - ReactiveSwift (5.0.0):
    - Result (~> 4.1)
  - Result (4.1.0)
  - Workflow (0.15.0):
    - ReactiveSwift (~> 5.0.0)
    - Result
  - Workflow/Tests (0.15.0):
    - ReactiveSwift (~> 5.0.0)
    - Result
  - WorkflowUI (0.15.0):
    - Workflow (= 0.15.0)
  - WorkflowUI/Tests (0.15.0):
    - Workflow (= 0.15.0)

DEPENDENCIES:
  - Workflow (from `../../../Workflow.podspec`)
  - Workflow/Tests (from `../../../Workflow.podspec`)
  - WorkflowUI (from `../../../WorkflowUI.podspec`)
  - WorkflowUI/Tests (from `../../../WorkflowUI.podspec`)

SPEC REPOS:
  https://github.com/cocoapods/specs.git:
    - ReactiveSwift
    - Result

EXTERNAL SOURCES:
  Workflow:
    :path: "../../../Workflow.podspec"
  WorkflowUI:
    :path: "../../../WorkflowUI.podspec"

SPEC CHECKSUMS:
  ReactiveSwift: bd4c122943593e67cb441409370c5c1e3cb32791
  Result: bd966fac789cc6c1563440b348ab2598cc24d5c7
  Workflow: 0fed799d0eaa2ab0469c86bcc51088fa18817b21
  WorkflowUI: 17c924d96b29b597512211e0269e8fdf0f7c0ee8

PODFILE CHECKSUM: 8c910e56d3d340a0b799d55de20ace8bb4f25e6e

COCOAPODS: 1.7.0.beta.2
