PODS:
  - ReactiveSwift (6.0.0)
  - Workflow (0.24.0):
    - ReactiveSwift (~> 6.0.0)
  - Workflow/Tests (0.24.0):
    - ReactiveSwift (~> 6.0.0)
  - WorkflowUI (0.24.0):
    - Workflow (= 0.24.0)
  - "WorkflowUI+SwiftUI (0.24.0)":
    - Workflow (= 0.24.0)
    - WorkflowUI (= 0.24.0)
  - WorkflowUI/Tests (0.24.0):
    - Workflow (= 0.24.0)

DEPENDENCIES:
  - Workflow (from `../../../Workflow.podspec`)
  - Workflow/Tests (from `../../../Workflow.podspec`)
  - WorkflowUI (from `../../../WorkflowUI.podspec`)
  - "WorkflowUI+SwiftUI (from `../../../WorkflowUI+SwiftUI.podspec`)"
  - WorkflowUI/Tests (from `../../../WorkflowUI.podspec`)

SPEC REPOS:
  trunk:
    - ReactiveSwift

EXTERNAL SOURCES:
  Workflow:
    :path: "../../../Workflow.podspec"
  WorkflowUI:
    :path: "../../../WorkflowUI.podspec"
  "WorkflowUI+SwiftUI":
    :path: "../../../WorkflowUI+SwiftUI.podspec"

SPEC CHECKSUMS:
  ReactiveSwift: 24b7ed245617bbfd30ee0c87779b6c64ac1b4518
  Workflow: 2c4e797ee249216e5cd9174b65599780e78337f3
  WorkflowUI: c51ee47cdde720d240232a80f062baaf5e444549
  "WorkflowUI+SwiftUI": 3e737688dcb81532b7ed36176a8f547f8beed2c9

PODFILE CHECKSUM: e4c1df21e066aae90e5c7b86ce2d7d9a9cbf24ae

COCOAPODS: 1.8.4
