// !$*UTF8*$!
{
	archiveVersion = 1;
	classes = {
	};
	objectVersion = 50;
	objects = {

/* Begin PBXBuildFile section */
		221F6AAA223F6B5000981516 /* Assets.xcassets in Resources */ = {isa = PBXBuildFile; fileRef = 221F6AA0223F6B4F00981516 /* Assets.xcassets */; };
		221F6AAB223F6B5000981516 /* LaunchScreen.storyboard in Resources */ = {isa = PBXBuildFile; fileRef = 221F6AA1223F6B4F00981516 /* LaunchScreen.storyboard */; };
		221F6AAF223F6B5000981516 /* AppDelegate.swift in Sources */ = {isa = PBXBuildFile; fileRef = 221F6AA9223F6B5000981516 /* AppDelegate.swift */; };
		3CA502C6C27333EF2544FF75 /* libPods-SampleApp.a in Frameworks */ = {isa = PBXBuildFile; fileRef = C43DF0525491915384DD5B9B /* libPods-SampleApp.a */; };
		E8798A0122693C4100BBC1EC /* DemoWorkflow.swift in Sources */ = {isa = PBXBuildFile; fileRef = E8798A0022693C4100BBC1EC /* DemoWorkflow.swift */; };
		E8798A0322693C5200BBC1EC /* ReversingWorkflow.swift in Sources */ = {isa = PBXBuildFile; fileRef = E8798A0222693C5200BBC1EC /* ReversingWorkflow.swift */; };
		E8798A0522693C9700BBC1EC /* DemoScreen.swift in Sources */ = {isa = PBXBuildFile; fileRef = E8798A0422693C9700BBC1EC /* DemoScreen.swift */; };
		E8798A07226A2E4000BBC1EC /* WelcomeScreen.swift in Sources */ = {isa = PBXBuildFile; fileRef = E8798A06226A2E4000BBC1EC /* WelcomeScreen.swift */; };
		E8798A09226A353200BBC1EC /* WelcomeWorkflow.swift in Sources */ = {isa = PBXBuildFile; fileRef = E8798A08226A353200BBC1EC /* WelcomeWorkflow.swift */; };
		E8798A0B226A841400BBC1EC /* RootWorkflow.swift in Sources */ = {isa = PBXBuildFile; fileRef = E8798A0A226A841400BBC1EC /* RootWorkflow.swift */; };
		E89EF750226E34D10087A552 /* CrossFadeContainer.swift in Sources */ = {isa = PBXBuildFile; fileRef = E89EF74F226E34D10087A552 /* CrossFadeContainer.swift */; };
/* End PBXBuildFile section */

/* Begin PBXFileReference section */
		221F6A8A223F6B1F00981516 /* SampleApp.app */ = {isa = PBXFileReference; explicitFileType = wrapper.application; includeInIndex = 0; path = SampleApp.app; sourceTree = BUILT_PRODUCTS_DIR; };
		221F6AA0223F6B4F00981516 /* Assets.xcassets */ = {isa = PBXFileReference; lastKnownFileType = folder.assetcatalog; path = Assets.xcassets; sourceTree = "<group>"; };
		221F6AA2223F6B4F00981516 /* Base */ = {isa = PBXFileReference; lastKnownFileType = file.storyboard; name = Base; path = Base.lproj/LaunchScreen.storyboard; sourceTree = "<group>"; };
		221F6AA6223F6B4F00981516 /* Info.plist */ = {isa = PBXFileReference; fileEncoding = 4; lastKnownFileType = text.plist.xml; path = Info.plist; sourceTree = "<group>"; };
		221F6AA9223F6B5000981516 /* AppDelegate.swift */ = {isa = PBXFileReference; fileEncoding = 4; lastKnownFileType = sourcecode.swift; path = AppDelegate.swift; sourceTree = "<group>"; };
		4907CAC860D2FC1CBC2A648D /* Pods-SampleApp.release.xcconfig */ = {isa = PBXFileReference; includeInIndex = 1; lastKnownFileType = text.xcconfig; name = "Pods-SampleApp.release.xcconfig"; path = "Target Support Files/Pods-SampleApp/Pods-SampleApp.release.xcconfig"; sourceTree = "<group>"; };
		C43DF0525491915384DD5B9B /* libPods-SampleApp.a */ = {isa = PBXFileReference; explicitFileType = archive.ar; includeInIndex = 0; path = "libPods-SampleApp.a"; sourceTree = BUILT_PRODUCTS_DIR; };
		DE31D68261E5FA0E4E10C238 /* Pods-SampleApp.debug.xcconfig */ = {isa = PBXFileReference; includeInIndex = 1; lastKnownFileType = text.xcconfig; name = "Pods-SampleApp.debug.xcconfig"; path = "Target Support Files/Pods-SampleApp/Pods-SampleApp.debug.xcconfig"; sourceTree = "<group>"; };
		E8798A0022693C4100BBC1EC /* DemoWorkflow.swift */ = {isa = PBXFileReference; lastKnownFileType = sourcecode.swift; path = DemoWorkflow.swift; sourceTree = "<group>"; };
		E8798A0222693C5200BBC1EC /* ReversingWorkflow.swift */ = {isa = PBXFileReference; lastKnownFileType = sourcecode.swift; path = ReversingWorkflow.swift; sourceTree = "<group>"; };
		E8798A0422693C9700BBC1EC /* DemoScreen.swift */ = {isa = PBXFileReference; lastKnownFileType = sourcecode.swift; path = DemoScreen.swift; sourceTree = "<group>"; };
		E8798A06226A2E4000BBC1EC /* WelcomeScreen.swift */ = {isa = PBXFileReference; lastKnownFileType = sourcecode.swift; path = WelcomeScreen.swift; sourceTree = "<group>"; };
		E8798A08226A353200BBC1EC /* WelcomeWorkflow.swift */ = {isa = PBXFileReference; lastKnownFileType = sourcecode.swift; path = WelcomeWorkflow.swift; sourceTree = "<group>"; };
		E8798A0A226A841400BBC1EC /* RootWorkflow.swift */ = {isa = PBXFileReference; lastKnownFileType = sourcecode.swift; path = RootWorkflow.swift; sourceTree = "<group>"; };
		E89EF74F226E34D10087A552 /* CrossFadeContainer.swift */ = {isa = PBXFileReference; lastKnownFileType = sourcecode.swift; path = CrossFadeContainer.swift; sourceTree = "<group>"; };
/* End PBXFileReference section */

/* Begin PBXFrameworksBuildPhase section */
		221F6A87223F6B1F00981516 /* Frameworks */ = {
			isa = PBXFrameworksBuildPhase;
			buildActionMask = 2147483647;
			files = (
				3CA502C6C27333EF2544FF75 /* libPods-SampleApp.a in Frameworks */,
			);
			runOnlyForDeploymentPostprocessing = 0;
		};
/* End PBXFrameworksBuildPhase section */

/* Begin PBXGroup section */
		221F6A81223F6B1F00981516 = {
			isa = PBXGroup;
			children = (
				221F6AA5223F6B4F00981516 /* Configuration */,
				221F6A9F223F6B4F00981516 /* Resources */,
				221F6AA7223F6B5000981516 /* Sources */,
				221F6A8B223F6B1F00981516 /* Products */,
				D65376B53394BF3A07AFEC35 /* Pods */,
				4E309ACBFB48C7B88A56EE3D /* Frameworks */,
			);
			sourceTree = "<group>";
		};
		221F6A8B223F6B1F00981516 /* Products */ = {
			isa = PBXGroup;
			children = (
				221F6A8A223F6B1F00981516 /* SampleApp.app */,
			);
			name = Products;
			sourceTree = "<group>";
		};
		221F6A9F223F6B4F00981516 /* Resources */ = {
			isa = PBXGroup;
			children = (
				221F6AA0223F6B4F00981516 /* Assets.xcassets */,
				221F6AA1223F6B4F00981516 /* LaunchScreen.storyboard */,
			);
			path = Resources;
			sourceTree = "<group>";
		};
		221F6AA5223F6B4F00981516 /* Configuration */ = {
			isa = PBXGroup;
			children = (
				221F6AA6223F6B4F00981516 /* Info.plist */,
			);
			path = Configuration;
			sourceTree = "<group>";
		};
		221F6AA7223F6B5000981516 /* Sources */ = {
			isa = PBXGroup;
			children = (
				221F6AA9223F6B5000981516 /* AppDelegate.swift */,
				E89EF74F226E34D10087A552 /* CrossFadeContainer.swift */,
				E8798A0422693C9700BBC1EC /* DemoScreen.swift */,
				E8798A0022693C4100BBC1EC /* DemoWorkflow.swift */,
				E8798A0A226A841400BBC1EC /* RootWorkflow.swift */,
				E8798A0222693C5200BBC1EC /* ReversingWorkflow.swift */,
				E8798A06226A2E4000BBC1EC /* WelcomeScreen.swift */,
				E8798A08226A353200BBC1EC /* WelcomeWorkflow.swift */,
			);
			path = Sources;
			sourceTree = "<group>";
		};
		4E309ACBFB48C7B88A56EE3D /* Frameworks */ = {
			isa = PBXGroup;
			children = (
				C43DF0525491915384DD5B9B /* libPods-SampleApp.a */,
			);
			name = Frameworks;
			sourceTree = "<group>";
		};
		D65376B53394BF3A07AFEC35 /* Pods */ = {
			isa = PBXGroup;
			children = (
				DE31D68261E5FA0E4E10C238 /* Pods-SampleApp.debug.xcconfig */,
				4907CAC860D2FC1CBC2A648D /* Pods-SampleApp.release.xcconfig */,
			);
			path = Pods;
			sourceTree = "<group>";
		};
/* End PBXGroup section */

/* Begin PBXNativeTarget section */
		221F6A89223F6B1F00981516 /* SampleApp */ = {
			isa = PBXNativeTarget;
			buildConfigurationList = 221F6A9C223F6B2000981516 /* Build configuration list for PBXNativeTarget "SampleApp" */;
			buildPhases = (
				F7041AE296D35584785D007F /* [CP] Check Pods Manifest.lock */,
				221F6A86223F6B1F00981516 /* Sources */,
				221F6A87223F6B1F00981516 /* Frameworks */,
				221F6A88223F6B1F00981516 /* Resources */,
			);
			buildRules = (
			);
			dependencies = (
			);
			name = SampleApp;
			productName = SampleApp;
			productReference = 221F6A8A223F6B1F00981516 /* SampleApp.app */;
			productType = "com.apple.product-type.application";
		};
/* End PBXNativeTarget section */

/* Begin PBXProject section */
		221F6A82223F6B1F00981516 /* Project object */ = {
			isa = PBXProject;
			attributes = {
				LastSwiftUpdateCheck = 1010;
				LastUpgradeCheck = 1010;
				ORGANIZATIONNAME = Square;
				TargetAttributes = {
					221F6A89223F6B1F00981516 = {
						CreatedOnToolsVersion = 10.1;
					};
				};
			};
			buildConfigurationList = 221F6A85223F6B1F00981516 /* Build configuration list for PBXProject "SampleApp" */;
			compatibilityVersion = "Xcode 9.3";
			developmentRegion = en;
			hasScannedForEncodings = 0;
			knownRegions = (
				en,
				Base,
			);
			mainGroup = 221F6A81223F6B1F00981516;
			productRefGroup = 221F6A8B223F6B1F00981516 /* Products */;
			projectDirPath = "";
			projectRoot = "";
			targets = (
				221F6A89223F6B1F00981516 /* SampleApp */,
			);
		};
/* End PBXProject section */

/* Begin PBXResourcesBuildPhase section */
		221F6A88223F6B1F00981516 /* Resources */ = {
			isa = PBXResourcesBuildPhase;
			buildActionMask = 2147483647;
			files = (
				221F6AAA223F6B5000981516 /* Assets.xcassets in Resources */,
				221F6AAB223F6B5000981516 /* LaunchScreen.storyboard in Resources */,
			);
			runOnlyForDeploymentPostprocessing = 0;
		};
/* End PBXResourcesBuildPhase section */

/* Begin PBXShellScriptBuildPhase section */
		F7041AE296D35584785D007F /* [CP] Check Pods Manifest.lock */ = {
			isa = PBXShellScriptBuildPhase;
			buildActionMask = 2147483647;
			files = (
			);
			inputFileListPaths = (
			);
			inputPaths = (
				"${PODS_PODFILE_DIR_PATH}/Podfile.lock",
				"${PODS_ROOT}/Manifest.lock",
			);
			name = "[CP] Check Pods Manifest.lock";
			outputFileListPaths = (
			);
			outputPaths = (
				"$(DERIVED_FILE_DIR)/Pods-SampleApp-checkManifestLockResult.txt",
			);
			runOnlyForDeploymentPostprocessing = 0;
			shellPath = /bin/sh;
			shellScript = "diff \"${PODS_PODFILE_DIR_PATH}/Podfile.lock\" \"${PODS_ROOT}/Manifest.lock\" > /dev/null\nif [ $? != 0 ] ; then\n    # print error to STDERR\n    echo \"error: The sandbox is not in sync with the Podfile.lock. Run 'pod install' or update your CocoaPods installation.\" >&2\n    exit 1\nfi\n# This output is used by Xcode 'outputs' to avoid re-running this script phase.\necho \"SUCCESS\" > \"${SCRIPT_OUTPUT_FILE_0}\"\n";
			showEnvVarsInLog = 0;
		};
/* End PBXShellScriptBuildPhase section */

/* Begin PBXSourcesBuildPhase section */
		221F6A86223F6B1F00981516 /* Sources */ = {
			isa = PBXSourcesBuildPhase;
			buildActionMask = 2147483647;
			files = (
				E8798A0522693C9700BBC1EC /* DemoScreen.swift in Sources */,
				E8798A0322693C5200BBC1EC /* ReversingWorkflow.swift in Sources */,
				E89EF750226E34D10087A552 /* CrossFadeContainer.swift in Sources */,
				E8798A07226A2E4000BBC1EC /* WelcomeScreen.swift in Sources */,
				221F6AAF223F6B5000981516 /* AppDelegate.swift in Sources */,
				E8798A0B226A841400BBC1EC /* RootWorkflow.swift in Sources */,
				E8798A0122693C4100BBC1EC /* DemoWorkflow.swift in Sources */,
				E8798A09226A353200BBC1EC /* WelcomeWorkflow.swift in Sources */,
			);
			runOnlyForDeploymentPostprocessing = 0;
		};
/* End PBXSourcesBuildPhase section */

/* Begin PBXVariantGroup section */
		221F6AA1223F6B4F00981516 /* LaunchScreen.storyboard */ = {
			isa = PBXVariantGroup;
			children = (
				221F6AA2223F6B4F00981516 /* Base */,
			);
			name = LaunchScreen.storyboard;
			sourceTree = "<group>";
		};
/* End PBXVariantGroup section */

/* Begin XCBuildConfiguration section */
		221F6A9A223F6B2000981516 /* Debug */ = {
			isa = XCBuildConfiguration;
			buildSettings = {
				ALWAYS_SEARCH_USER_PATHS = NO;
				CLANG_ANALYZER_NONNULL = YES;
				CLANG_ANALYZER_NUMBER_OBJECT_CONVERSION = YES_AGGRESSIVE;
				CLANG_CXX_LANGUAGE_STANDARD = "gnu++14";
				CLANG_CXX_LIBRARY = "libc++";
				CLANG_ENABLE_MODULES = YES;
				CLANG_ENABLE_OBJC_ARC = YES;
				CLANG_ENABLE_OBJC_WEAK = YES;
				CLANG_WARN_BLOCK_CAPTURE_AUTORELEASING = YES;
				CLANG_WARN_BOOL_CONVERSION = YES;
				CLANG_WARN_COMMA = YES;
				CLANG_WARN_CONSTANT_CONVERSION = YES;
				CLANG_WARN_DEPRECATED_OBJC_IMPLEMENTATIONS = YES;
				CLANG_WARN_DIRECT_OBJC_ISA_USAGE = YES_ERROR;
				CLANG_WARN_DOCUMENTATION_COMMENTS = YES;
				CLANG_WARN_EMPTY_BODY = YES;
				CLANG_WARN_ENUM_CONVERSION = YES;
				CLANG_WARN_INFINITE_RECURSION = YES;
				CLANG_WARN_INT_CONVERSION = YES;
				CLANG_WARN_NON_LITERAL_NULL_CONVERSION = YES;
				CLANG_WARN_OBJC_IMPLICIT_RETAIN_SELF = YES;
				CLANG_WARN_OBJC_LITERAL_CONVERSION = YES;
				CLANG_WARN_OBJC_ROOT_CLASS = YES_ERROR;
				CLANG_WARN_RANGE_LOOP_ANALYSIS = YES;
				CLANG_WARN_STRICT_PROTOTYPES = YES;
				CLANG_WARN_SUSPICIOUS_MOVE = YES;
				CLANG_WARN_UNGUARDED_AVAILABILITY = YES_AGGRESSIVE;
				CLANG_WARN_UNREACHABLE_CODE = YES;
				CLANG_WARN__DUPLICATE_METHOD_MATCH = YES;
				CODE_SIGN_IDENTITY = "iPhone Developer";
				COPY_PHASE_STRIP = NO;
				DEBUG_INFORMATION_FORMAT = dwarf;
				ENABLE_STRICT_OBJC_MSGSEND = YES;
				ENABLE_TESTABILITY = YES;
				GCC_C_LANGUAGE_STANDARD = gnu11;
				GCC_DYNAMIC_NO_PIC = NO;
				GCC_NO_COMMON_BLOCKS = YES;
				GCC_OPTIMIZATION_LEVEL = 0;
				GCC_PREPROCESSOR_DEFINITIONS = (
					"DEBUG=1",
					"$(inherited)",
				);
				GCC_WARN_64_TO_32_BIT_CONVERSION = YES;
				GCC_WARN_ABOUT_RETURN_TYPE = YES_ERROR;
				GCC_WARN_UNDECLARED_SELECTOR = YES;
				GCC_WARN_UNINITIALIZED_AUTOS = YES_AGGRESSIVE;
				GCC_WARN_UNUSED_FUNCTION = YES;
				GCC_WARN_UNUSED_VARIABLE = YES;
				IPHONEOS_DEPLOYMENT_TARGET = 12.1;
				MTL_ENABLE_DEBUG_INFO = INCLUDE_SOURCE;
				MTL_FAST_MATH = YES;
				ONLY_ACTIVE_ARCH = YES;
				SDKROOT = iphoneos;
				SWIFT_ACTIVE_COMPILATION_CONDITIONS = DEBUG;
				SWIFT_OPTIMIZATION_LEVEL = "-Onone";
			};
			name = Debug;
		};
		221F6A9B223F6B2000981516 /* Release */ = {
			isa = XCBuildConfiguration;
			buildSettings = {
				ALWAYS_SEARCH_USER_PATHS = NO;
				CLANG_ANALYZER_NONNULL = YES;
				CLANG_ANALYZER_NUMBER_OBJECT_CONVERSION = YES_AGGRESSIVE;
				CLANG_CXX_LANGUAGE_STANDARD = "gnu++14";
				CLANG_CXX_LIBRARY = "libc++";
				CLANG_ENABLE_MODULES = YES;
				CLANG_ENABLE_OBJC_ARC = YES;
				CLANG_ENABLE_OBJC_WEAK = YES;
				CLANG_WARN_BLOCK_CAPTURE_AUTORELEASING = YES;
				CLANG_WARN_BOOL_CONVERSION = YES;
				CLANG_WARN_COMMA = YES;
				CLANG_WARN_CONSTANT_CONVERSION = YES;
				CLANG_WARN_DEPRECATED_OBJC_IMPLEMENTATIONS = YES;
				CLANG_WARN_DIRECT_OBJC_ISA_USAGE = YES_ERROR;
				CLANG_WARN_DOCUMENTATION_COMMENTS = YES;
				CLANG_WARN_EMPTY_BODY = YES;
				CLANG_WARN_ENUM_CONVERSION = YES;
				CLANG_WARN_INFINITE_RECURSION = YES;
				CLANG_WARN_INT_CONVERSION = YES;
				CLANG_WARN_NON_LITERAL_NULL_CONVERSION = YES;
				CLANG_WARN_OBJC_IMPLICIT_RETAIN_SELF = YES;
				CLANG_WARN_OBJC_LITERAL_CONVERSION = YES;
				CLANG_WARN_OBJC_ROOT_CLASS = YES_ERROR;
				CLANG_WARN_RANGE_LOOP_ANALYSIS = YES;
				CLANG_WARN_STRICT_PROTOTYPES = YES;
				CLANG_WARN_SUSPICIOUS_MOVE = YES;
				CLANG_WARN_UNGUARDED_AVAILABILITY = YES_AGGRESSIVE;
				CLANG_WARN_UNREACHABLE_CODE = YES;
				CLANG_WARN__DUPLICATE_METHOD_MATCH = YES;
				CODE_SIGN_IDENTITY = "iPhone Developer";
				COPY_PHASE_STRIP = NO;
				DEBUG_INFORMATION_FORMAT = "dwarf-with-dsym";
				ENABLE_NS_ASSERTIONS = NO;
				ENABLE_STRICT_OBJC_MSGSEND = YES;
				GCC_C_LANGUAGE_STANDARD = gnu11;
				GCC_NO_COMMON_BLOCKS = YES;
				GCC_WARN_64_TO_32_BIT_CONVERSION = YES;
				GCC_WARN_ABOUT_RETURN_TYPE = YES_ERROR;
				GCC_WARN_UNDECLARED_SELECTOR = YES;
				GCC_WARN_UNINITIALIZED_AUTOS = YES_AGGRESSIVE;
				GCC_WARN_UNUSED_FUNCTION = YES;
				GCC_WARN_UNUSED_VARIABLE = YES;
				IPHONEOS_DEPLOYMENT_TARGET = 12.1;
				MTL_ENABLE_DEBUG_INFO = NO;
				MTL_FAST_MATH = YES;
				SDKROOT = iphoneos;
				SWIFT_COMPILATION_MODE = wholemodule;
				SWIFT_OPTIMIZATION_LEVEL = "-O";
				VALIDATE_PRODUCT = YES;
			};
			name = Release;
		};
		221F6A9D223F6B2000981516 /* Debug */ = {
			isa = XCBuildConfiguration;
			baseConfigurationReference = DE31D68261E5FA0E4E10C238 /* Pods-SampleApp.debug.xcconfig */;
			buildSettings = {
				ASSETCATALOG_COMPILER_APPICON_NAME = AppIcon;
				CODE_SIGN_STYLE = Automatic;
				INFOPLIST_FILE = "$(SRCROOT)/Configuration/Info.plist";
				LD_RUNPATH_SEARCH_PATHS = (
					"$(inherited)",
					"@executable_path/Frameworks",
				);
				PRODUCT_BUNDLE_IDENTIFIER = com.squareup.SampleApp;
				PRODUCT_NAME = "$(TARGET_NAME)";
				SWIFT_VERSION = 4.2;
				TARGETED_DEVICE_FAMILY = "1,2";
			};
			name = Debug;
		};
		221F6A9E223F6B2000981516 /* Release */ = {
			isa = XCBuildConfiguration;
			baseConfigurationReference = 4907CAC860D2FC1CBC2A648D /* Pods-SampleApp.release.xcconfig */;
			buildSettings = {
				ASSETCATALOG_COMPILER_APPICON_NAME = AppIcon;
				CODE_SIGN_STYLE = Automatic;
				INFOPLIST_FILE = "$(SRCROOT)/Configuration/Info.plist";
				LD_RUNPATH_SEARCH_PATHS = (
					"$(inherited)",
					"@executable_path/Frameworks",
				);
				PRODUCT_BUNDLE_IDENTIFIER = com.squareup.SampleApp;
				PRODUCT_NAME = "$(TARGET_NAME)";
				SWIFT_VERSION = 4.2;
				TARGETED_DEVICE_FAMILY = "1,2";
			};
			name = Release;
		};
/* End XCBuildConfiguration section */

/* Begin XCConfigurationList section */
		221F6A85223F6B1F00981516 /* Build configuration list for PBXProject "SampleApp" */ = {
			isa = XCConfigurationList;
			buildConfigurations = (
				221F6A9A223F6B2000981516 /* Debug */,
				221F6A9B223F6B2000981516 /* Release */,
			);
			defaultConfigurationIsVisible = 0;
			defaultConfigurationName = Release;
		};
		221F6A9C223F6B2000981516 /* Build configuration list for PBXNativeTarget "SampleApp" */ = {
			isa = XCConfigurationList;
			buildConfigurations = (
				221F6A9D223F6B2000981516 /* Debug */,
				221F6A9E223F6B2000981516 /* Release */,
			);
			defaultConfigurationIsVisible = 0;
			defaultConfigurationName = Release;
		};
/* End XCConfigurationList section */
	};
	rootObject = 221F6A82223F6B1F00981516 /* Project object */;
}
